// !$*UTF8*$!
{
	archiveVersion = 1;
	classes = {
	};
	objectVersion = 46;
	objects = {

/* Begin PBXBuildFile section */
		B96F65491FB3BFBA006293C3 /* main.cpp in Sources */ = {isa = PBXBuildFile; fileRef = B96F65481FB3BFBA006293C3 /* main.cpp */; };
		B96F65521FB3C36C006293C3 /* ReadMe.md in Sources */ = {isa = PBXBuildFile; fileRef = B96F65511FB3C36C006293C3 /* ReadMe.md */; };
/* End PBXBuildFile section */

/* Begin PBXCopyFilesBuildPhase section */
		B96F65431FB3BFBA006293C3 /* Copy Files */ = {
			isa = PBXCopyFilesBuildPhase;
			buildActionMask = 2147483647;
			dstPath = /usr/share/man/man1/;
			dstSubfolderSpec = 0;
			files = (
			);
			name = "Copy Files";
			runOnlyForDeploymentPostprocessing = 1;
		};
/* End PBXCopyFilesBuildPhase section */

/* Begin PBXFileReference section */
		B96F65451FB3BFBA006293C3 /* VectorSet */ = {isa = PBXFileReference; explicitFileType = "compiled.mach-o.executable"; includeInIndex = 0; path = VectorSet; sourceTree = BUILT_PRODUCTS_DIR; };
		B96F65481FB3BFBA006293C3 /* main.cpp */ = {isa = PBXFileReference; lastKnownFileType = sourcecode.cpp.cpp; path = main.cpp; sourceTree = "<group>"; };
		B96F654F1FB3BFE9006293C3 /* MySet.hpp */ = {isa = PBXFileReference; lastKnownFileType = sourcecode.cpp.h; path = MySet.hpp; sourceTree = "<group>"; };
		B96F65501FB3C00E006293C3 /* VectorSet.hpp */ = {isa = PBXFileReference; lastKnownFileType = sourcecode.cpp.h; path = VectorSet.hpp; sourceTree = "<group>"; };
		B96F65511FB3C36C006293C3 /* ReadMe.md */ = {isa = PBXFileReference; fileEncoding = 4; lastKnownFileType = net.daringfireball.markdown; name = ReadMe.md; path = VectorSet/ReadMe.md; sourceTree = "<group>"; };
		B985886B1FB3E3D000C83F69 /* .gitignore */ = {isa = PBXFileReference; fileEncoding = 4; lastKnownFileType = text; path = .gitignore; sourceTree = "<group>"; };
/* End PBXFileReference section */

/* Begin PBXFrameworksBuildPhase section */
		B96F65421FB3BFBA006293C3 /* Frameworks */ = {
			isa = PBXFrameworksBuildPhase;
			buildActionMask = 2147483647;
			files = (
			);
			runOnlyForDeploymentPostprocessing = 0;
		};
/* End PBXFrameworksBuildPhase section */

/* Begin PBXGroup section */
		B96F653C1FB3BFBA006293C3 = {
			isa = PBXGroup;
			children = (
				B985886B1FB3E3D000C83F69 /* .gitignore */,
				B96F65511FB3C36C006293C3 /* ReadMe.md */,
				B96F65471FB3BFBA006293C3 /* VectorSet */,
				B96F65461FB3BFBA006293C3 /* Products */,
			);
			sourceTree = "<group>";
		};
		B96F65461FB3BFBA006293C3 /* Products */ = {
			isa = PBXGroup;
			children = (
				B96F65451FB3BFBA006293C3 /* VectorSet */,
			);
			name = Products;
			sourceTree = "<group>";
		};
		B96F65471FB3BFBA006293C3 /* VectorSet */ = {
			isa = PBXGroup;
			children = (
				B96F65481FB3BFBA006293C3 /* main.cpp */,
				B96F654F1FB3BFE9006293C3 /* MySet.hpp */,
				B96F65501FB3C00E006293C3 /* VectorSet.hpp */,
			);
			path = VectorSet;
			sourceTree = "<group>";
		};
/* End PBXGroup section */

/* Begin PBXNativeTarget section */
		B96F65441FB3BFBA006293C3 /* VectorSet */ = {
			isa = PBXNativeTarget;
			buildConfigurationList = B96F654C1FB3BFBA006293C3 /* Build configuration list for PBXNativeTarget "VectorSet" */;
			buildPhases = (
				B96F65411FB3BFBA006293C3 /* Sources */,
				B96F65421FB3BFBA006293C3 /* Frameworks */,
				B96F65431FB3BFBA006293C3 /* Copy Files */,
			);
			buildRules = (
			);
			dependencies = (
			);
			name = VectorSet;
			productName = VectorSet;
			productReference = B96F65451FB3BFBA006293C3 /* VectorSet */;
			productType = "com.apple.product-type.tool";
		};
/* End PBXNativeTarget section */

/* Begin PBXProject section */
		B96F653D1FB3BFBA006293C3 /* Project object */ = {
			isa = PBXProject;
			attributes = {
				LastUpgradeCheck = 0830;
				ORGANIZATIONNAME = "C++ Class";
				TargetAttributes = {
					B96F65441FB3BFBA006293C3 = {
						CreatedOnToolsVersion = 8.3.3;
						DevelopmentTeam = 9XL8WLHVV2;
						ProvisioningStyle = Automatic;
					};
				};
			};
			buildConfigurationList = B96F65401FB3BFBA006293C3 /* Build configuration list for PBXProject "VectorSet" */;
			compatibilityVersion = "Xcode 3.2";
			developmentRegion = English;
			hasScannedForEncodings = 0;
			knownRegions = (
				en,
			);
			mainGroup = B96F653C1FB3BFBA006293C3;
			productRefGroup = B96F65461FB3BFBA006293C3 /* Products */;
			projectDirPath = "";
			projectRoot = "";
			targets = (
				B96F65441FB3BFBA006293C3 /* VectorSet */,
			);
		};
/* End PBXProject section */

/* Begin PBXSourcesBuildPhase section */
		B96F65411FB3BFBA006293C3 /* Sources */ = {
			isa = PBXSourcesBuildPhase;
			buildActionMask = 2147483647;
			files = (
				B96F65521FB3C36C006293C3 /* ReadMe.md in Sources */,
				B96F65491FB3BFBA006293C3 /* main.cpp in Sources */,
			);
			runOnlyForDeploymentPostprocessing = 0;
		};
/* End PBXSourcesBuildPhase section */

/* Begin XCBuildConfiguration section */
		B96F654A1FB3BFBA006293C3 /* Debug */ = {
			isa = XCBuildConfiguration;
			buildSettings = {
				ALWAYS_SEARCH_USER_PATHS = NO;
				CLANG_ANALYZER_NONNULL = YES;
				CLANG_ANALYZER_NUMBER_OBJECT_CONVERSION = YES_AGGRESSIVE;
				CLANG_CXX_LANGUAGE_STANDARD = "gnu++0x";
				CLANG_CXX_LIBRARY = "libc++";
				CLANG_ENABLE_MODULES = YES;
				CLANG_ENABLE_OBJC_ARC = YES;
				CLANG_WARN_BOOL_CONVERSION = YES;
				CLANG_WARN_CONSTANT_CONVERSION = YES;
				CLANG_WARN_DIRECT_OBJC_ISA_USAGE = YES_ERROR;
				CLANG_WARN_DOCUMENTATION_COMMENTS = YES;
				CLANG_WARN_EMPTY_BODY = YES;
				CLANG_WARN_ENUM_CONVERSION = YES;
				CLANG_WARN_INFINITE_RECURSION = YES;
				CLANG_WARN_INT_CONVERSION = YES;
				CLANG_WARN_OBJC_ROOT_CLASS = YES_ERROR;
				CLANG_WARN_SUSPICIOUS_MOVE = YES;
				CLANG_WARN_UNREACHABLE_CODE = YES;
				CLANG_WARN__DUPLICATE_METHOD_MATCH = YES;
				CODE_SIGN_IDENTITY = "-";
				COPY_PHASE_STRIP = NO;
				DEBUG_INFORMATION_FORMAT = dwarf;
				ENABLE_STRICT_OBJC_MSGSEND = YES;
				ENABLE_TESTABILITY = YES;
				GCC_C_LANGUAGE_STANDARD = gnu99;
				GCC_DYNAMIC_NO_PIC = NO;
				GCC_NO_COMMON_BLOCKS = YES;
				GCC_OPTIMIZATION_LEVEL = 0;
				GCC_PREPROCESSOR_DEFINITIONS = (
					"DEBUG=1",
					"$(inherited)",
				);
				GCC_WARN_64_TO_32_BIT_CONVERSION = YES;
				GCC_WARN_ABOUT_RETURN_TYPE = YES_ERROR;
				GCC_WARN_UNDECLARED_SELECTOR = YES;
				GCC_WARN_UNINITIALIZED_AUTOS = YES_AGGRESSIVE;
				GCC_WARN_UNUSED_FUNCTION = YES;
				GCC_WARN_UNUSED_VARIABLE = YES;
				MACOSX_DEPLOYMENT_TARGET = 10.12;
				MTL_ENABLE_DEBUG_INFO = YES;
				ONLY_ACTIVE_ARCH = YES;
				SDKROOT = macosx;
			};
			name = Debug;
		};
		B96F654B1FB3BFBA006293C3 /* Release */ = {
			isa = XCBuildConfiguration;
			buildSettings = {
				ALWAYS_SEARCH_USER_PATHS = NO;
				CLANG_ANALYZER_NONNULL = YES;
				CLANG_ANALYZER_NUMBER_OBJECT_CONVERSION = YES_AGGRESSIVE;
				CLANG_CXX_LANGUAGE_STANDARD = "gnu++0x";
				CLANG_CXX_LIBRARY = "libc++";
				CLANG_ENABLE_MODULES = YES;
				CLANG_ENABLE_OBJC_ARC = YES;
				CLANG_WARN_BOOL_CONVERSION = YES;
				CLANG_WARN_CONSTANT_CONVERSION = YES;
				CLANG_WARN_DIRECT_OBJC_ISA_USAGE = YES_ERROR;
				CLANG_WARN_DOCUMENTATION_COMMENTS = YES;
				CLANG_WARN_EMPTY_BODY = YES;
				CLANG_WARN_ENUM_CONVERSION = YES;
				CLANG_WARN_INFINITE_RECURSION = YES;
				CLANG_WARN_INT_CONVERSION = YES;
				CLANG_WARN_OBJC_ROOT_CLASS = YES_ERROR;
				CLANG_WARN_SUSPICIOUS_MOVE = YES;
				CLANG_WARN_UNREACHABLE_CODE = YES;
				CLANG_WARN__DUPLICATE_METHOD_MATCH = YES;
				CODE_SIGN_IDENTITY = "-";
				COPY_PHASE_STRIP = NO;
				DEBUG_INFORMATION_FORMAT = "dwarf-with-dsym";
				ENABLE_NS_ASSERTIONS = NO;
				ENABLE_STRICT_OBJC_MSGSEND = YES;
				GCC_C_LANGUAGE_STANDARD = gnu99;
				GCC_NO_COMMON_BLOCKS = YES;
				GCC_WARN_64_TO_32_BIT_CONVERSION = YES;
				GCC_WARN_ABOUT_RETURN_TYPE = YES_ERROR;
				GCC_WARN_UNDECLARED_SELECTOR = YES;
				GCC_WARN_UNINITIALIZED_AUTOS = YES_AGGRESSIVE;
				GCC_WARN_UNUSED_FUNCTION = YES;
				GCC_WARN_UNUSED_VARIABLE = YES;
				MACOSX_DEPLOYMENT_TARGET = 10.12;
				MTL_ENABLE_DEBUG_INFO = NO;
				SDKROOT = macosx;
			};
			name = Release;
		};
		B96F654D1FB3BFBA006293C3 /* Debug */ = {
			isa = XCBuildConfiguration;
			buildSettings = {
				DEVELOPMENT_TEAM = 9XL8WLHVV2;
				MACOSX_DEPLOYMENT_TARGET = 10.12;
				ONLY_ACTIVE_ARCH = YES;
				PRODUCT_NAME = "$(TARGET_NAME)";
				SDKROOT = macosx10.12;
			};
			name = Debug;
		};
		B96F654E1FB3BFBA006293C3 /* Release */ = {
			isa = XCBuildConfiguration;
			buildSettings = {
				DEVELOPMENT_TEAM = 9XL8WLHVV2;
				MACOSX_DEPLOYMENT_TARGET = 10.12;
				ONLY_ACTIVE_ARCH = YES;
				PRODUCT_NAME = "$(TARGET_NAME)";
				SDKROOT = macosx10.12;
			};
			name = Release;
		};
/* End XCBuildConfiguration section */

/* Begin XCConfigurationList section */
		B96F65401FB3BFBA006293C3 /* Build configuration list for PBXProject "VectorSet" */ = {
			isa = XCConfigurationList;
			buildConfigurations = (
				B96F654A1FB3BFBA006293C3 /* Debug */,
				B96F654B1FB3BFBA006293C3 /* Release */,
			);
			defaultConfigurationIsVisible = 0;
			defaultConfigurationName = Release;
		};
		B96F654C1FB3BFBA006293C3 /* Build configuration list for PBXNativeTarget "VectorSet" */ = {
			isa = XCConfigurationList;
			buildConfigurations = (
				B96F654D1FB3BFBA006293C3 /* Debug */,
				B96F654E1FB3BFBA006293C3 /* Release */,
			);
			defaultConfigurationIsVisible = 0;
			defaultConfigurationName = Release;
		};
/* End XCConfigurationList section */
	};
	rootObject = B96F653D1FB3BFBA006293C3 /* Project object */;
}
